// !$*UTF8*$!
{
	archiveVersion = 1;
	classes = {
	};
	objectVersion = 46;
	objects = {

/* Begin PBXBuildFile section */
		5C572F401B710A030010195E /* main.m in Sources */ = {isa = PBXBuildFile; fileRef = 5C572F3F1B710A030010195E /* main.m */; };
		5C572F431B710A030010195E /* AppDelegate.m in Sources */ = {isa = PBXBuildFile; fileRef = 5C572F421B710A030010195E /* AppDelegate.m */; };
		5C572F461B710A030010195E /* ViewController.m in Sources */ = {isa = PBXBuildFile; fileRef = 5C572F451B710A030010195E /* ViewController.m */; };
		5C572F491B710A030010195E /* Main.storyboard in Resources */ = {isa = PBXBuildFile; fileRef = 5C572F471B710A030010195E /* Main.storyboard */; };
		5C572F4B1B710A030010195E /* Images.xcassets in Resources */ = {isa = PBXBuildFile; fileRef = 5C572F4A1B710A030010195E /* Images.xcassets */; };
		5C572F4E1B710A030010195E /* LaunchScreen.xib in Resources */ = {isa = PBXBuildFile; fileRef = 5C572F4C1B710A030010195E /* LaunchScreen.xib */; };
		5C572F5A1B710A030010195E /* auslogic_1Tests.m in Sources */ = {isa = PBXBuildFile; fileRef = 5C572F591B710A030010195E /* auslogic_1Tests.m */; };
		5C572F651B710D6A0010195E /* person.png in Resources */ = {isa = PBXBuildFile; fileRef = 5C572F641B710D6A0010195E /* person.png */; };
		5C572F671B710DCF0010195E /* country.png in Resources */ = {isa = PBXBuildFile; fileRef = 5C572F661B710DCF0010195E /* country.png */; };
		5C572F6A1B710E280010195E /* Model.xcdatamodeld in Sources */ = {isa = PBXBuildFile; fileRef = 5C572F681B710E280010195E /* Model.xcdatamodeld */; };
		5C572F6D1B710EFC0010195E /* Person.m in Sources */ = {isa = PBXBuildFile; fileRef = 5C572F6C1B710EFC0010195E /* Person.m */; };
		5C572F701B710F910010195E /* CoreDataTableViewController.m in Sources */ = {isa = PBXBuildFile; fileRef = 5C572F6F1B710F910010195E /* CoreDataTableViewController.m */; };
		5C572F731B7116430010195E /* Person+Create.m in Sources */ = {isa = PBXBuildFile; fileRef = 5C572F721B7116430010195E /* Person+Create.m */; };
/* End PBXBuildFile section */

/* Begin PBXContainerItemProxy section */
		5C572F541B710A030010195E /* PBXContainerItemProxy */ = {
			isa = PBXContainerItemProxy;
			containerPortal = 5C572F321B710A030010195E /* Project object */;
			proxyType = 1;
			remoteGlobalIDString = 5C572F391B710A030010195E;
			remoteInfo = "auslogic-1";
		};
/* End PBXContainerItemProxy section */

/* Begin PBXFileReference section */
		5C572F3A1B710A030010195E /* auslogic-1.app */ = {isa = PBXFileReference; explicitFileType = wrapper.application; includeInIndex = 0; path = "auslogic-1.app"; sourceTree = BUILT_PRODUCTS_DIR; };
		5C572F3E1B710A030010195E /* Info.plist */ = {isa = PBXFileReference; lastKnownFileType = text.plist.xml; path = Info.plist; sourceTree = "<group>"; };
		5C572F3F1B710A030010195E /* main.m */ = {isa = PBXFileReference; lastKnownFileType = sourcecode.c.objc; path = main.m; sourceTree = "<group>"; };
		5C572F411B710A030010195E /* AppDelegate.h */ = {isa = PBXFileReference; lastKnownFileType = sourcecode.c.h; path = AppDelegate.h; sourceTree = "<group>"; };
		5C572F421B710A030010195E /* AppDelegate.m */ = {isa = PBXFileReference; lastKnownFileType = sourcecode.c.objc; path = AppDelegate.m; sourceTree = "<group>"; };
		5C572F441B710A030010195E /* ViewController.h */ = {isa = PBXFileReference; lastKnownFileType = sourcecode.c.h; path = ViewController.h; sourceTree = "<group>"; };
		5C572F451B710A030010195E /* ViewController.m */ = {isa = PBXFileReference; lastKnownFileType = sourcecode.c.objc; path = ViewController.m; sourceTree = "<group>"; };
		5C572F481B710A030010195E /* Base */ = {isa = PBXFileReference; lastKnownFileType = file.storyboard; name = Base; path = Base.lproj/Main.storyboard; sourceTree = "<group>"; };
		5C572F4A1B710A030010195E /* Images.xcassets */ = {isa = PBXFileReference; lastKnownFileType = folder.assetcatalog; path = Images.xcassets; sourceTree = "<group>"; };
		5C572F4D1B710A030010195E /* Base */ = {isa = PBXFileReference; lastKnownFileType = file.xib; name = Base; path = Base.lproj/LaunchScreen.xib; sourceTree = "<group>"; };
		5C572F531B710A030010195E /* auslogic-1Tests.xctest */ = {isa = PBXFileReference; explicitFileType = wrapper.cfbundle; includeInIndex = 0; path = "auslogic-1Tests.xctest"; sourceTree = BUILT_PRODUCTS_DIR; };
		5C572F581B710A030010195E /* Info.plist */ = {isa = PBXFileReference; lastKnownFileType = text.plist.xml; path = Info.plist; sourceTree = "<group>"; };
		5C572F591B710A030010195E /* auslogic_1Tests.m */ = {isa = PBXFileReference; lastKnownFileType = sourcecode.c.objc; path = auslogic_1Tests.m; sourceTree = "<group>"; };
		5C572F641B710D6A0010195E /* person.png */ = {isa = PBXFileReference; lastKnownFileType = image.png; path = person.png; sourceTree = "<group>"; };
		5C572F661B710DCF0010195E /* country.png */ = {isa = PBXFileReference; lastKnownFileType = image.png; path = country.png; sourceTree = "<group>"; };
		5C572F691B710E280010195E /* Model.xcdatamodel */ = {isa = PBXFileReference; lastKnownFileType = wrapper.xcdatamodel; path = Model.xcdatamodel; sourceTree = "<group>"; };
		5C572F6B1B710EFC0010195E /* Person.h */ = {isa = PBXFileReference; fileEncoding = 4; lastKnownFileType = sourcecode.c.h; name = Person.h; path = ../Person.h; sourceTree = "<group>"; };
		5C572F6C1B710EFC0010195E /* Person.m */ = {isa = PBXFileReference; fileEncoding = 4; lastKnownFileType = sourcecode.c.objc; name = Person.m; path = ../Person.m; sourceTree = "<group>"; };
		5C572F6E1B710F910010195E /* CoreDataTableViewController.h */ = {isa = PBXFileReference; fileEncoding = 4; lastKnownFileType = sourcecode.c.h; path = CoreDataTableViewController.h; sourceTree = "<group>"; };
		5C572F6F1B710F910010195E /* CoreDataTableViewController.m */ = {isa = PBXFileReference; fileEncoding = 4; lastKnownFileType = sourcecode.c.objc; path = CoreDataTableViewController.m; sourceTree = "<group>"; };
		5C572F711B7116430010195E /* Person+Create.h */ = {isa = PBXFileReference; fileEncoding = 4; lastKnownFileType = sourcecode.c.h; path = "Person+Create.h"; sourceTree = "<group>"; };
		5C572F721B7116430010195E /* Person+Create.m */ = {isa = PBXFileReference; fileEncoding = 4; lastKnownFileType = sourcecode.c.objc; path = "Person+Create.m"; sourceTree = "<group>"; };
/* End PBXFileReference section */

/* Begin PBXFrameworksBuildPhase section */
		5C572F371B710A030010195E /* Frameworks */ = {
			isa = PBXFrameworksBuildPhase;
			buildActionMask = 2147483647;
			files = (
			);
			runOnlyForDeploymentPostprocessing = 0;
		};
		5C572F501B710A030010195E /* Frameworks */ = {
			isa = PBXFrameworksBuildPhase;
			buildActionMask = 2147483647;
			files = (
			);
			runOnlyForDeploymentPostprocessing = 0;
		};
/* End PBXFrameworksBuildPhase section */

/* Begin PBXGroup section */
		5C572F311B710A030010195E = {
			isa = PBXGroup;
			children = (
				5C572F3C1B710A030010195E /* auslogic-1 */,
				5C572F561B710A030010195E /* auslogic-1Tests */,
				5C572F3B1B710A030010195E /* Products */,
			);
			sourceTree = "<group>";
		};
		5C572F3B1B710A030010195E /* Products */ = {
			isa = PBXGroup;
			children = (
				5C572F3A1B710A030010195E /* auslogic-1.app */,
				5C572F531B710A030010195E /* auslogic-1Tests.xctest */,
			);
			name = Products;
			sourceTree = "<group>";
		};
		5C572F3C1B710A030010195E /* auslogic-1 */ = {
			isa = PBXGroup;
			children = (
				5C572F6B1B710EFC0010195E /* Person.h */,
				5C572F6C1B710EFC0010195E /* Person.m */,
				5C572F711B7116430010195E /* Person+Create.h */,
				5C572F721B7116430010195E /* Person+Create.m */,
				5C572F411B710A030010195E /* AppDelegate.h */,
				5C572F681B710E280010195E /* Model.xcdatamodeld */,
				5C572F421B710A030010195E /* AppDelegate.m */,
				5C572F441B710A030010195E /* ViewController.h */,
				5C572F451B710A030010195E /* ViewController.m */,
				5C572F6E1B710F910010195E /* CoreDataTableViewController.h */,
				5C572F6F1B710F910010195E /* CoreDataTableViewController.m */,
				5C572F471B710A030010195E /* Main.storyboard */,
				5C572F4A1B710A030010195E /* Images.xcassets */,
				5C572F4C1B710A030010195E /* LaunchScreen.xib */,
				5C572F631B710D500010195E /* Resourses */,
				5C572F3D1B710A030010195E /* Supporting Files */,
			);
			path = "auslogic-1";
			sourceTree = "<group>";
		};
		5C572F3D1B710A030010195E /* Supporting Files */ = {
			isa = PBXGroup;
			children = (
				5C572F3E1B710A030010195E /* Info.plist */,
				5C572F3F1B710A030010195E /* main.m */,
			);
			name = "Supporting Files";
			sourceTree = "<group>";
		};
		5C572F561B710A030010195E /* auslogic-1Tests */ = {
			isa = PBXGroup;
			children = (
				5C572F591B710A030010195E /* auslogic_1Tests.m */,
				5C572F571B710A030010195E /* Supporting Files */,
			);
			path = "auslogic-1Tests";
			sourceTree = "<group>";
		};
		5C572F571B710A030010195E /* Supporting Files */ = {
			isa = PBXGroup;
			children = (
				5C572F581B710A030010195E /* Info.plist */,
			);
			name = "Supporting Files";
			sourceTree = "<group>";
		};
		5C572F631B710D500010195E /* Resourses */ = {
			isa = PBXGroup;
			children = (
				5C572F641B710D6A0010195E /* person.png */,
				5C572F661B710DCF0010195E /* country.png */,
			);
			name = Resourses;
			path = ..;
			sourceTree = "<group>";
		};
/* End PBXGroup section */

/* Begin PBXNativeTarget section */
		5C572F391B710A030010195E /* auslogic-1 */ = {
			isa = PBXNativeTarget;
			buildConfigurationList = 5C572F5D1B710A030010195E /* Build configuration list for PBXNativeTarget "auslogic-1" */;
			buildPhases = (
				5C572F361B710A030010195E /* Sources */,
				5C572F371B710A030010195E /* Frameworks */,
				5C572F381B710A030010195E /* Resources */,
			);
			buildRules = (
			);
			dependencies = (
			);
			name = "auslogic-1";
			productName = "auslogic-1";
			productReference = 5C572F3A1B710A030010195E /* auslogic-1.app */;
			productType = "com.apple.product-type.application";
		};
		5C572F521B710A030010195E /* auslogic-1Tests */ = {
			isa = PBXNativeTarget;
			buildConfigurationList = 5C572F601B710A030010195E /* Build configuration list for PBXNativeTarget "auslogic-1Tests" */;
			buildPhases = (
				5C572F4F1B710A030010195E /* Sources */,
				5C572F501B710A030010195E /* Frameworks */,
				5C572F511B710A030010195E /* Resources */,
			);
			buildRules = (
			);
			dependencies = (
				5C572F551B710A030010195E /* PBXTargetDependency */,
			);
			name = "auslogic-1Tests";
			productName = "auslogic-1Tests";
			productReference = 5C572F531B710A030010195E /* auslogic-1Tests.xctest */;
			productType = "com.apple.product-type.bundle.unit-test";
		};
/* End PBXNativeTarget section */

/* Begin PBXProject section */
		5C572F321B710A030010195E /* Project object */ = {
			isa = PBXProject;
			attributes = {
				LastUpgradeCheck = 0640;
				ORGANIZATIONNAME = "Sergiy Kostrykin";
				TargetAttributes = {
					5C572F391B710A030010195E = {
						CreatedOnToolsVersion = 6.4;
					};
					5C572F521B710A030010195E = {
						CreatedOnToolsVersion = 6.4;
						TestTargetID = 5C572F391B710A030010195E;
					};
				};
			};
			buildConfigurationList = 5C572F351B710A030010195E /* Build configuration list for PBXProject "auslogic-1" */;
			compatibilityVersion = "Xcode 3.2";
			developmentRegion = English;
			hasScannedForEncodings = 0;
			knownRegions = (
				en,
				Base,
			);
			mainGroup = 5C572F311B710A030010195E;
			productRefGroup = 5C572F3B1B710A030010195E /* Products */;
			projectDirPath = "";
			projectRoot = "";
			targets = (
				5C572F391B710A030010195E /* auslogic-1 */,
				5C572F521B710A030010195E /* auslogic-1Tests */,
			);
		};
/* End PBXProject section */

/* Begin PBXResourcesBuildPhase section */
		5C572F381B710A030010195E /* Resources */ = {
			isa = PBXResourcesBuildPhase;
			buildActionMask = 2147483647;
			files = (
				5C572F671B710DCF0010195E /* country.png in Resources */,
				5C572F491B710A030010195E /* Main.storyboard in Resources */,
				5C572F651B710D6A0010195E /* person.png in Resources */,
				5C572F4E1B710A030010195E /* LaunchScreen.xib in Resources */,
				5C572F4B1B710A030010195E /* Images.xcassets in Resources */,
			);
			runOnlyForDeploymentPostprocessing = 0;
		};
		5C572F511B710A030010195E /* Resources */ = {
			isa = PBXResourcesBuildPhase;
			buildActionMask = 2147483647;
			files = (
			);
			runOnlyForDeploymentPostprocessing = 0;
		};
/* End PBXResourcesBuildPhase section */

/* Begin PBXSourcesBuildPhase section */
		5C572F361B710A030010195E /* Sources */ = {
			isa = PBXSourcesBuildPhase;
			buildActionMask = 2147483647;
			files = (
				5C572F731B7116430010195E /* Person+Create.m in Sources */,
				5C572F461B710A030010195E /* ViewController.m in Sources */,
				5C572F431B710A030010195E /* AppDelegate.m in Sources */,
				5C572F701B710F910010195E /* CoreDataTableViewController.m in Sources */,
				5C572F6D1B710EFC0010195E /* Person.m in Sources */,
				5C572F401B710A030010195E /* main.m in Sources */,
				5C572F6A1B710E280010195E /* Model.xcdatamodeld in Sources */,
			);
			runOnlyForDeploymentPostprocessing = 0;
		};
		5C572F4F1B710A030010195E /* Sources */ = {
			isa = PBXSourcesBuildPhase;
			buildActionMask = 2147483647;
			files = (
				5C572F5A1B710A030010195E /* auslogic_1Tests.m in Sources */,
			);
			runOnlyForDeploymentPostprocessing = 0;
		};
/* End PBXSourcesBuildPhase section */

/* Begin PBXTargetDependency section */
		5C572F551B710A030010195E /* PBXTargetDependency */ = {
			isa = PBXTargetDependency;
			target = 5C572F391B710A030010195E /* auslogic-1 */;
			targetProxy = 5C572F541B710A030010195E /* PBXContainerItemProxy */;
		};
/* End PBXTargetDependency section */

/* Begin PBXVariantGroup section */
		5C572F471B710A030010195E /* Main.storyboard */ = {
			isa = PBXVariantGroup;
			children = (
				5C572F481B710A030010195E /* Base */,
			);
			name = Main.storyboard;
			sourceTree = "<group>";
		};
		5C572F4C1B710A030010195E /* LaunchScreen.xib */ = {
			isa = PBXVariantGroup;
			children = (
				5C572F4D1B710A030010195E /* Base */,
			);
			name = LaunchScreen.xib;
			sourceTree = "<group>";
		};
/* End PBXVariantGroup section */

/* Begin XCBuildConfiguration section */
		5C572F5B1B710A030010195E /* Debug */ = {
			isa = XCBuildConfiguration;
			buildSettings = {
				ALWAYS_SEARCH_USER_PATHS = NO;
				CLANG_CXX_LANGUAGE_STANDARD = "gnu++0x";
				CLANG_CXX_LIBRARY = "libc++";
				CLANG_ENABLE_MODULES = YES;
				CLANG_ENABLE_OBJC_ARC = YES;
				CLANG_WARN_BOOL_CONVERSION = YES;
				CLANG_WARN_CONSTANT_CONVERSION = YES;
				CLANG_WARN_DIRECT_OBJC_ISA_USAGE = YES_ERROR;
				CLANG_WARN_EMPTY_BODY = YES;
				CLANG_WARN_ENUM_CONVERSION = YES;
				CLANG_WARN_INT_CONVERSION = YES;
				CLANG_WARN_OBJC_ROOT_CLASS = YES_ERROR;
				CLANG_WARN_UNREACHABLE_CODE = YES;
				CLANG_WARN__DUPLICATE_METHOD_MATCH = YES;
				"CODE_SIGN_IDENTITY[sdk=iphoneos*]" = "iPhone Developer";
				COPY_PHASE_STRIP = NO;
				DEBUG_INFORMATION_FORMAT = "dwarf-with-dsym";
				ENABLE_STRICT_OBJC_MSGSEND = YES;
				GCC_C_LANGUAGE_STANDARD = gnu99;
				GCC_DYNAMIC_NO_PIC = NO;
				GCC_NO_COMMON_BLOCKS = YES;
				GCC_OPTIMIZATION_LEVEL = 0;
				GCC_PREPROCESSOR_DEFINITIONS = (
					"DEBUG=1",
					"$(inherited)",
				);
				GCC_SYMBOLS_PRIVATE_EXTERN = NO;
				GCC_WARN_64_TO_32_BIT_CONVERSION = YES;
				GCC_WARN_ABOUT_RETURN_TYPE = YES_ERROR;
				GCC_WARN_UNDECLARED_SELECTOR = YES;
				GCC_WARN_UNINITIALIZED_AUTOS = YES_AGGRESSIVE;
				GCC_WARN_UNUSED_FUNCTION = YES;
				GCC_WARN_UNUSED_VARIABLE = YES;
				IPHONEOS_DEPLOYMENT_TARGET = 8.4;
				MTL_ENABLE_DEBUG_INFO = YES;
				ONLY_ACTIVE_ARCH = YES;
				SDKROOT = iphoneos;
				TARGETED_DEVICE_FAMILY = "1,2";
			};
			name = Debug;
		};
		5C572F5C1B710A030010195E /* Release */ = {
			isa = XCBuildConfiguration;
			buildSettings = {
				ALWAYS_SEARCH_USER_PATHS = NO;
				CLANG_CXX_LANGUAGE_STANDARD = "gnu++0x";
				CLANG_CXX_LIBRARY = "libc++";
				CLANG_ENABLE_MODULES = YES;
				CLANG_ENABLE_OBJC_ARC = YES;
				CLANG_WARN_BOOL_CONVERSION = YES;
				CLANG_WARN_CONSTANT_CONVERSION = YES;
				CLANG_WARN_DIRECT_OBJC_ISA_USAGE = YES_ERROR;
				CLANG_WARN_EMPTY_BODY = YES;
				CLANG_WARN_ENUM_CONVERSION = YES;
				CLANG_WARN_INT_CONVERSION = YES;
				CLANG_WARN_OBJC_ROOT_CLASS = YES_ERROR;
				CLANG_WARN_UNREACHABLE_CODE = YES;
				CLANG_WARN__DUPLICATE_METHOD_MATCH = YES;
				"CODE_SIGN_IDENTITY[sdk=iphoneos*]" = "iPhone Developer";
				COPY_PHASE_STRIP = NO;
				DEBUG_INFORMATION_FORMAT = "dwarf-with-dsym";
				ENABLE_NS_ASSERTIONS = NO;
				ENABLE_STRICT_OBJC_MSGSEND = YES;
				GCC_C_LANGUAGE_STANDARD = gnu99;
				GCC_NO_COMMON_BLOCKS = YES;
				GCC_WARN_64_TO_32_BIT_CONVERSION = YES;
				GCC_WARN_ABOUT_RETURN_TYPE = YES_ERROR;
				GCC_WARN_UNDECLARED_SELECTOR = YES;
				GCC_WARN_UNINITIALIZED_AUTOS = YES_AGGRESSIVE;
				GCC_WARN_UNUSED_FUNCTION = YES;
				GCC_WARN_UNUSED_VARIABLE = YES;
				IPHONEOS_DEPLOYMENT_TARGET = 8.4;
				MTL_ENABLE_DEBUG_INFO = NO;
				SDKROOT = iphoneos;
				TARGETED_DEVICE_FAMILY = "1,2";
				VALIDATE_PRODUCT = YES;
			};
			name = Release;
		};
		5C572F5E1B710A030010195E /* Debug */ = {
			isa = XCBuildConfiguration;
			buildSettings = {
				ASSETCATALOG_COMPILER_APPICON_NAME = AppIcon;
				INFOPLIST_FILE = "auslogic-1/Info.plist";
				LD_RUNPATH_SEARCH_PATHS = "$(inherited) @executable_path/Frameworks";
				PRODUCT_NAME = "$(TARGET_NAME)";
			};
			name = Debug;
		};
		5C572F5F1B710A030010195E /* Release */ = {
			isa = XCBuildConfiguration;
			buildSettings = {
				ASSETCATALOG_COMPILER_APPICON_NAME = AppIcon;
				INFOPLIST_FILE = "auslogic-1/Info.plist";
				LD_RUNPATH_SEARCH_PATHS = "$(inherited) @executable_path/Frameworks";
				PRODUCT_NAME = "$(TARGET_NAME)";
			};
			name = Release;
		};
		5C572F611B710A030010195E /* Debug */ = {
			isa = XCBuildConfiguration;
			buildSettings = {
				BUNDLE_LOADER = "$(TEST_HOST)";
				FRAMEWORK_SEARCH_PATHS = (
					"$(SDKROOT)/Developer/Library/Frameworks",
					"$(inherited)",
				);
				GCC_PREPROCESSOR_DEFINITIONS = (
					"DEBUG=1",
					"$(inherited)",
				);
				INFOPLIST_FILE = "auslogic-1Tests/Info.plist";
				LD_RUNPATH_SEARCH_PATHS = "$(inherited) @executable_path/Frameworks @loader_path/Frameworks";
				PRODUCT_NAME = "$(TARGET_NAME)";
				TEST_HOST = "$(BUILT_PRODUCTS_DIR)/auslogic-1.app/auslogic-1";
			};
			name = Debug;
		};
		5C572F621B710A030010195E /* Release */ = {
			isa = XCBuildConfiguration;
			buildSettings = {
				BUNDLE_LOADER = "$(TEST_HOST)";
				FRAMEWORK_SEARCH_PATHS = (
					"$(SDKROOT)/Developer/Library/Frameworks",
					"$(inherited)",
				);
				INFOPLIST_FILE = "auslogic-1Tests/Info.plist";
				LD_RUNPATH_SEARCH_PATHS = "$(inherited) @executable_path/Frameworks @loader_path/Frameworks";
				PRODUCT_NAME = "$(TARGET_NAME)";
				TEST_HOST = "$(BUILT_PRODUCTS_DIR)/auslogic-1.app/auslogic-1";
			};
			name = Release;
		};
/* End XCBuildConfiguration section */

/* Begin XCConfigurationList section */
		5C572F351B710A030010195E /* Build configuration list for PBXProject "auslogic-1" */ = {
			isa = XCConfigurationList;
			buildConfigurations = (
				5C572F5B1B710A030010195E /* Debug */,
				5C572F5C1B710A030010195E /* Release */,
			);
			defaultConfigurationIsVisible = 0;
			defaultConfigurationName = Release;
		};
		5C572F5D1B710A030010195E /* Build configuration list for PBXNativeTarget "auslogic-1" */ = {
			isa = XCConfigurationList;
			buildConfigurations = (
				5C572F5E1B710A030010195E /* Debug */,
				5C572F5F1B710A030010195E /* Release */,
			);
			defaultConfigurationIsVisible = 0;
			defaultConfigurationName = Release;
		};
		5C572F601B710A030010195E /* Build configuration list for PBXNativeTarget "auslogic-1Tests" */ = {
			isa = XCConfigurationList;
			buildConfigurations = (
				5C572F611B710A030010195E /* Debug */,
				5C572F621B710A030010195E /* Release */,
			);
			defaultConfigurationIsVisible = 0;
			defaultConfigurationName = Release;
		};
/* End XCConfigurationList section */

/* Begin XCVersionGroup section */
		5C572F681B710E280010195E /* Model.xcdatamodeld */ = {
			isa = XCVersionGroup;
			children = (
				5C572F691B710E280010195E /* Model.xcdatamodel */,
			);
			currentVersion = 5C572F691B710E280010195E /* Model.xcdatamodel */;
			path = Model.xcdatamodeld;
			sourceTree = "<group>";
			versionGroupType = wrapper.xcdatamodel;
		};
/* End XCVersionGroup section */
	};
	rootObject = 5C572F321B710A030010195E /* Project object */;
}
